
Microsoft Visual Studio Solution File, Format Version 12.00
# Visual Studio Version 16
VisualStudioVersion = 16.0.33214.272
MinimumVisualStudioVersion = 10.0.40219.1
Project("{9A19103F-16F7-4668-BE54-9A1E7A4F7556}") = "BookStore_olsenj8", "BookStore\BookStore_olsenj8.csproj", "{167650CF-4621-4F9C-9F83-E0FB85187FA7}"
EndProject
Global
	GlobalSection(SolutionConfigurationPlatforms) = preSolution
		Debug|Any CPU = Debug|Any CPU
		Release|Any CPU = Release|Any CPU
	EndGlobalSection
	GlobalSection(ProjectConfigurationPlatforms) = postSolution
		{167650CF-4621-4F9C-9F83-E0FB85187FA7}.Debug|Any CPU.ActiveCfg = Debug|Any CPU
		{167650CF-4621-4F9C-9F83-E0FB85187FA7}.Debug|Any CPU.Build.0 = Debug|Any CPU
		{167650CF-4621-4F9C-9F83-E0FB85187FA7}.Release|Any CPU.ActiveCfg = Release|Any CPU
		{167650CF-4621-4F9C-9F83-E0FB85187FA7}.Release|Any CPU.Build.0 = Release|Any CPU
	EndGlobalSection
	GlobalSection(SolutionProperties) = preSolution
		HideSolutionNode = FALSE
	EndGlobalSection
	GlobalSection(ExtensibilityGlobals) = postSolution
		SolutionGuid = {2ABB3502-D3AD-4D24-AE74-1DB31AC3C3B5}
	EndGlobalSection
EndGlobal
